
Microsoft Visual Studio Solution File, Format Version 12.00
# Visual Studio Version 17
VisualStudioVersion = 17.3.32811.315
MinimumVisualStudioVersion = 10.0.40219.1
Project("{FAE04EC0-301F-11D3-BF4B-00C04F79EFBC}") = "Klasa String - vježba2", "Klasa String - vježba2.csproj", "{B3DA6BA5-7A8E-4422-9BA3-007A0029371B}"
EndProject
Global
	GlobalSection(SolutionConfigurationPlatforms) = preSolution
		Debug|Any CPU = Debug|Any CPU
		Release|Any CPU = Release|Any CPU
	EndGlobalSection
	GlobalSection(ProjectConfigurationPlatforms) = postSolution
		{B3DA6BA5-7A8E-4422-9BA3-007A0029371B}.Debug|Any CPU.ActiveCfg = Debug|Any CPU
		{B3DA6BA5-7A8E-4422-9BA3-007A0029371B}.Debug|Any CPU.Build.0 = Debug|Any CPU
		{B3DA6BA5-7A8E-4422-9BA3-007A0029371B}.Release|Any CPU.ActiveCfg = Release|Any CPU
		{B3DA6BA5-7A8E-4422-9BA3-007A0029371B}.Release|Any CPU.Build.0 = Release|Any CPU
	EndGlobalSection
	GlobalSection(SolutionProperties) = preSolution
		HideSolutionNode = FALSE
	EndGlobalSection
	GlobalSection(ExtensibilityGlobals) = postSolution
		SolutionGuid = {4432D10A-2F12-458A-96B1-F48607F018C8}
	EndGlobalSection
EndGlobal
